// !$*UTF8*$!
{
	archiveVersion = 1;
	classes = {
	};
	objectVersion = 50;
	objects = {

/* Begin PBXBuildFile section */
		0410270925A502E9008A64C6 /* AppDelegate.swift in Sources */ = {isa = PBXBuildFile; fileRef = 0410270825A502E9008A64C6 /* AppDelegate.swift */; };
		0410270B25A502E9008A64C6 /* SceneDelegate.swift in Sources */ = {isa = PBXBuildFile; fileRef = 0410270A25A502E9008A64C6 /* SceneDelegate.swift */; };
		0410270D25A502E9008A64C6 /* ViewController.swift in Sources */ = {isa = PBXBuildFile; fileRef = 0410270C25A502E9008A64C6 /* ViewController.swift */; };
		0410271025A502E9008A64C6 /* Main.storyboard in Resources */ = {isa = PBXBuildFile; fileRef = 0410270E25A502E9008A64C6 /* Main.storyboard */; };
		0410271225A502EB008A64C6 /* Assets.xcassets in Resources */ = {isa = PBXBuildFile; fileRef = 0410271125A502EB008A64C6 /* Assets.xcassets */; };
		0410271525A502EB008A64C6 /* LaunchScreen.storyboard in Resources */ = {isa = PBXBuildFile; fileRef = 0410271325A502EB008A64C6 /* LaunchScreen.storyboard */; };
		0410272025A502EB008A64C6 /* FireChatTests.swift in Sources */ = {isa = PBXBuildFile; fileRef = 0410271F25A502EB008A64C6 /* FireChatTests.swift */; };
		0410272B25A502EB008A64C6 /* FireChatUITests.swift in Sources */ = {isa = PBXBuildFile; fileRef = 0410272A25A502EB008A64C6 /* FireChatUITests.swift */; };
		0410274425A5049F008A64C6 /* ConversationsController.swift in Sources */ = {isa = PBXBuildFile; fileRef = 0410274325A5049F008A64C6 /* ConversationsController.swift */; };
		0410274A25A51269008A64C6 /* LoginController.swift in Sources */ = {isa = PBXBuildFile; fileRef = 0410274925A51269008A64C6 /* LoginController.swift */; };
		0410274F25A51272008A64C6 /* RegistrationController.swift in Sources */ = {isa = PBXBuildFile; fileRef = 0410274E25A51272008A64C6 /* RegistrationController.swift */; };
		0410276C25A51638008A64C6 /* Extensions.swift in Sources */ = {isa = PBXBuildFile; fileRef = 0410276B25A51638008A64C6 /* Extensions.swift */; };
/* End PBXBuildFile section */

/* Begin PBXContainerItemProxy section */
		0410271C25A502EB008A64C6 /* PBXContainerItemProxy */ = {
			isa = PBXContainerItemProxy;
			containerPortal = 041026FD25A502E9008A64C6 /* Project object */;
			proxyType = 1;
			remoteGlobalIDString = 0410270425A502E9008A64C6;
			remoteInfo = FireChat;
		};
		0410272725A502EB008A64C6 /* PBXContainerItemProxy */ = {
			isa = PBXContainerItemProxy;
			containerPortal = 041026FD25A502E9008A64C6 /* Project object */;
			proxyType = 1;
			remoteGlobalIDString = 0410270425A502E9008A64C6;
			remoteInfo = FireChat;
		};
/* End PBXContainerItemProxy section */

/* Begin PBXFileReference section */
		0410270525A502E9008A64C6 /* FireChat.app */ = {isa = PBXFileReference; explicitFileType = wrapper.application; includeInIndex = 0; path = FireChat.app; sourceTree = BUILT_PRODUCTS_DIR; };
		0410270825A502E9008A64C6 /* AppDelegate.swift */ = {isa = PBXFileReference; lastKnownFileType = sourcecode.swift; path = AppDelegate.swift; sourceTree = "<group>"; };
		0410270A25A502E9008A64C6 /* SceneDelegate.swift */ = {isa = PBXFileReference; lastKnownFileType = sourcecode.swift; path = SceneDelegate.swift; sourceTree = "<group>"; };
		0410270C25A502E9008A64C6 /* ViewController.swift */ = {isa = PBXFileReference; lastKnownFileType = sourcecode.swift; path = ViewController.swift; sourceTree = "<group>"; };
		0410270F25A502E9008A64C6 /* Base */ = {isa = PBXFileReference; lastKnownFileType = file.storyboard; name = Base; path = Base.lproj/Main.storyboard; sourceTree = "<group>"; };
		0410271125A502EB008A64C6 /* Assets.xcassets */ = {isa = PBXFileReference; lastKnownFileType = folder.assetcatalog; path = Assets.xcassets; sourceTree = "<group>"; };
		0410271425A502EB008A64C6 /* Base */ = {isa = PBXFileReference; lastKnownFileType = file.storyboard; name = Base; path = Base.lproj/LaunchScreen.storyboard; sourceTree = "<group>"; };
		0410271625A502EB008A64C6 /* Info.plist */ = {isa = PBXFileReference; lastKnownFileType = text.plist.xml; path = Info.plist; sourceTree = "<group>"; };
		0410271B25A502EB008A64C6 /* FireChatTests.xctest */ = {isa = PBXFileReference; explicitFileType = wrapper.cfbundle; includeInIndex = 0; path = FireChatTests.xctest; sourceTree = BUILT_PRODUCTS_DIR; };
		0410271F25A502EB008A64C6 /* FireChatTests.swift */ = {isa = PBXFileReference; lastKnownFileType = sourcecode.swift; path = FireChatTests.swift; sourceTree = "<group>"; };
		0410272125A502EB008A64C6 /* Info.plist */ = {isa = PBXFileReference; lastKnownFileType = text.plist.xml; path = Info.plist; sourceTree = "<group>"; };
		0410272625A502EB008A64C6 /* FireChatUITests.xctest */ = {isa = PBXFileReference; explicitFileType = wrapper.cfbundle; includeInIndex = 0; path = FireChatUITests.xctest; sourceTree = BUILT_PRODUCTS_DIR; };
		0410272A25A502EB008A64C6 /* FireChatUITests.swift */ = {isa = PBXFileReference; lastKnownFileType = sourcecode.swift; path = FireChatUITests.swift; sourceTree = "<group>"; };
		0410272C25A502EB008A64C6 /* Info.plist */ = {isa = PBXFileReference; lastKnownFileType = text.plist.xml; path = Info.plist; sourceTree = "<group>"; };
		0410274325A5049F008A64C6 /* ConversationsController.swift */ = {isa = PBXFileReference; lastKnownFileType = sourcecode.swift; path = ConversationsController.swift; sourceTree = "<group>"; };
		0410274925A51269008A64C6 /* LoginController.swift */ = {isa = PBXFileReference; lastKnownFileType = sourcecode.swift; path = LoginController.swift; sourceTree = "<group>"; };
		0410274E25A51272008A64C6 /* RegistrationController.swift */ = {isa = PBXFileReference; lastKnownFileType = sourcecode.swift; path = RegistrationController.swift; sourceTree = "<group>"; };
		0410276B25A51638008A64C6 /* Extensions.swift */ = {isa = PBXFileReference; fileEncoding = 4; lastKnownFileType = sourcecode.swift; path = Extensions.swift; sourceTree = "<group>"; };
/* End PBXFileReference section */

/* Begin PBXFrameworksBuildPhase section */
		0410270225A502E9008A64C6 /* Frameworks */ = {
			isa = PBXFrameworksBuildPhase;
			buildActionMask = 2147483647;
			files = (
			);
			runOnlyForDeploymentPostprocessing = 0;
		};
		0410271825A502EB008A64C6 /* Frameworks */ = {
			isa = PBXFrameworksBuildPhase;
			buildActionMask = 2147483647;
			files = (
			);
			runOnlyForDeploymentPostprocessing = 0;
		};
		0410272325A502EB008A64C6 /* Frameworks */ = {
			isa = PBXFrameworksBuildPhase;
			buildActionMask = 2147483647;
			files = (
			);
			runOnlyForDeploymentPostprocessing = 0;
		};
/* End PBXFrameworksBuildPhase section */

/* Begin PBXGroup section */
		041026FC25A502E9008A64C6 = {
			isa = PBXGroup;
			children = (
				0410270725A502E9008A64C6 /* FireChat */,
				0410271E25A502EB008A64C6 /* FireChatTests */,
				0410272925A502EB008A64C6 /* FireChatUITests */,
				0410270625A502E9008A64C6 /* Products */,
			);
			sourceTree = "<group>";
		};
		0410270625A502E9008A64C6 /* Products */ = {
			isa = PBXGroup;
			children = (
				0410270525A502E9008A64C6 /* FireChat.app */,
				0410271B25A502EB008A64C6 /* FireChatTests.xctest */,
				0410272625A502EB008A64C6 /* FireChatUITests.xctest */,
			);
			name = Products;
			sourceTree = "<group>";
		};
		0410270725A502E9008A64C6 /* FireChat */ = {
			isa = PBXGroup;
			children = (
				0410274125A5030A008A64C6 /* Model */,
				0410274025A50308008A64C6 /* View */,
				0410273F25A50307008A64C6 /* ViewModel */,
				0410273E25A50305008A64C6 /* Controller */,
				0410273D25A50303008A64C6 /* API */,
				0410274225A50364008A64C6 /* Utils */,
				0410270825A502E9008A64C6 /* AppDelegate.swift */,
				0410270A25A502E9008A64C6 /* SceneDelegate.swift */,
				0410270C25A502E9008A64C6 /* ViewController.swift */,
				0410270E25A502E9008A64C6 /* Main.storyboard */,
				0410271125A502EB008A64C6 /* Assets.xcassets */,
				0410271325A502EB008A64C6 /* LaunchScreen.storyboard */,
				0410271625A502EB008A64C6 /* Info.plist */,
			);
			path = FireChat;
			sourceTree = "<group>";
		};
		0410271E25A502EB008A64C6 /* FireChatTests */ = {
			isa = PBXGroup;
			children = (
				0410271F25A502EB008A64C6 /* FireChatTests.swift */,
				0410272125A502EB008A64C6 /* Info.plist */,
			);
			path = FireChatTests;
			sourceTree = "<group>";
		};
		0410272925A502EB008A64C6 /* FireChatUITests */ = {
			isa = PBXGroup;
			children = (
				0410272A25A502EB008A64C6 /* FireChatUITests.swift */,
				0410272C25A502EB008A64C6 /* Info.plist */,
			);
			path = FireChatUITests;
			sourceTree = "<group>";
		};
		0410273D25A50303008A64C6 /* API */ = {
			isa = PBXGroup;
			children = (
			);
			path = API;
			sourceTree = "<group>";
		};
		0410273E25A50305008A64C6 /* Controller */ = {
			isa = PBXGroup;
			children = (
				0410274825A5125A008A64C6 /* Auth */,
				0410274325A5049F008A64C6 /* ConversationsController.swift */,
			);
			path = Controller;
			sourceTree = "<group>";
		};
		0410273F25A50307008A64C6 /* ViewModel */ = {
			isa = PBXGroup;
			children = (
			);
			path = ViewModel;
			sourceTree = "<group>";
		};
		0410274025A50308008A64C6 /* View */ = {
			isa = PBXGroup;
			children = (
			);
			path = View;
			sourceTree = "<group>";
		};
		0410274125A5030A008A64C6 /* Model */ = {
			isa = PBXGroup;
			children = (
			);
			path = Model;
			sourceTree = "<group>";
		};
		0410274225A50364008A64C6 /* Utils */ = {
			isa = PBXGroup;
			children = (
				0410276B25A51638008A64C6 /* Extensions.swift */,
			);
			path = Utils;
			sourceTree = "<group>";
		};
		0410274825A5125A008A64C6 /* Auth */ = {
			isa = PBXGroup;
			children = (
				0410274925A51269008A64C6 /* LoginController.swift */,
				0410274E25A51272008A64C6 /* RegistrationController.swift */,
			);
			path = Auth;
			sourceTree = "<group>";
		};
/* End PBXGroup section */

/* Begin PBXNativeTarget section */
		0410270425A502E9008A64C6 /* FireChat */ = {
			isa = PBXNativeTarget;
			buildConfigurationList = 0410272F25A502EC008A64C6 /* Build configuration list for PBXNativeTarget "FireChat" */;
			buildPhases = (
				0410270125A502E9008A64C6 /* Sources */,
				0410270225A502E9008A64C6 /* Frameworks */,
				0410270325A502E9008A64C6 /* Resources */,
			);
			buildRules = (
			);
			dependencies = (
			);
			name = FireChat;
			productName = FireChat;
			productReference = 0410270525A502E9008A64C6 /* FireChat.app */;
			productType = "com.apple.product-type.application";
		};
		0410271A25A502EB008A64C6 /* FireChatTests */ = {
			isa = PBXNativeTarget;
			buildConfigurationList = 0410273225A502EC008A64C6 /* Build configuration list for PBXNativeTarget "FireChatTests" */;
			buildPhases = (
				0410271725A502EB008A64C6 /* Sources */,
				0410271825A502EB008A64C6 /* Frameworks */,
				0410271925A502EB008A64C6 /* Resources */,
			);
			buildRules = (
			);
			dependencies = (
				0410271D25A502EB008A64C6 /* PBXTargetDependency */,
			);
			name = FireChatTests;
			productName = FireChatTests;
			productReference = 0410271B25A502EB008A64C6 /* FireChatTests.xctest */;
			productType = "com.apple.product-type.bundle.unit-test";
		};
		0410272525A502EB008A64C6 /* FireChatUITests */ = {
			isa = PBXNativeTarget;
			buildConfigurationList = 0410273525A502EC008A64C6 /* Build configuration list for PBXNativeTarget "FireChatUITests" */;
			buildPhases = (
				0410272225A502EB008A64C6 /* Sources */,
				0410272325A502EB008A64C6 /* Frameworks */,
				0410272425A502EB008A64C6 /* Resources */,
			);
			buildRules = (
			);
			dependencies = (
				0410272825A502EB008A64C6 /* PBXTargetDependency */,
			);
			name = FireChatUITests;
			productName = FireChatUITests;
			productReference = 0410272625A502EB008A64C6 /* FireChatUITests.xctest */;
			productType = "com.apple.product-type.bundle.ui-testing";
		};
/* End PBXNativeTarget section */

/* Begin PBXProject section */
		041026FD25A502E9008A64C6 /* Project object */ = {
			isa = PBXProject;
			attributes = {
				LastSwiftUpdateCheck = 1200;
				LastUpgradeCheck = 1200;
				TargetAttributes = {
					0410270425A502E9008A64C6 = {
						CreatedOnToolsVersion = 12.0.1;
					};
					0410271A25A502EB008A64C6 = {
						CreatedOnToolsVersion = 12.0.1;
						TestTargetID = 0410270425A502E9008A64C6;
					};
					0410272525A502EB008A64C6 = {
						CreatedOnToolsVersion = 12.0.1;
						TestTargetID = 0410270425A502E9008A64C6;
					};
				};
			};
			buildConfigurationList = 0410270025A502E9008A64C6 /* Build configuration list for PBXProject "FireChat" */;
			compatibilityVersion = "Xcode 9.3";
			developmentRegion = en;
			hasScannedForEncodings = 0;
			knownRegions = (
				en,
				Base,
			);
			mainGroup = 041026FC25A502E9008A64C6;
			productRefGroup = 0410270625A502E9008A64C6 /* Products */;
			projectDirPath = "";
			projectRoot = "";
			targets = (
				0410270425A502E9008A64C6 /* FireChat */,
				0410271A25A502EB008A64C6 /* FireChatTests */,
				0410272525A502EB008A64C6 /* FireChatUITests */,
			);
		};
/* End PBXProject section */

/* Begin PBXResourcesBuildPhase section */
		0410270325A502E9008A64C6 /* Resources */ = {
			isa = PBXResourcesBuildPhase;
			buildActionMask = 2147483647;
			files = (
				0410271525A502EB008A64C6 /* LaunchScreen.storyboard in Resources */,
				0410271225A502EB008A64C6 /* Assets.xcassets in Resources */,
				0410271025A502E9008A64C6 /* Main.storyboard in Resources */,
			);
			runOnlyForDeploymentPostprocessing = 0;
		};
		0410271925A502EB008A64C6 /* Resources */ = {
			isa = PBXResourcesBuildPhase;
			buildActionMask = 2147483647;
			files = (
			);
			runOnlyForDeploymentPostprocessing = 0;
		};
		0410272425A502EB008A64C6 /* Resources */ = {
			isa = PBXResourcesBuildPhase;
			buildActionMask = 2147483647;
			files = (
			);
			runOnlyForDeploymentPostprocessing = 0;
		};
/* End PBXResourcesBuildPhase section */

/* Begin PBXSourcesBuildPhase section */
		0410270125A502E9008A64C6 /* Sources */ = {
			isa = PBXSourcesBuildPhase;
			buildActionMask = 2147483647;
			files = (
				0410270D25A502E9008A64C6 /* ViewController.swift in Sources */,
				0410270925A502E9008A64C6 /* AppDelegate.swift in Sources */,
				0410274425A5049F008A64C6 /* ConversationsController.swift in Sources */,
				0410270B25A502E9008A64C6 /* SceneDelegate.swift in Sources */,
				0410274F25A51272008A64C6 /* RegistrationController.swift in Sources */,
				0410274A25A51269008A64C6 /* LoginController.swift in Sources */,
				0410276C25A51638008A64C6 /* Extensions.swift in Sources */,
			);
			runOnlyForDeploymentPostprocessing = 0;
		};
		0410271725A502EB008A64C6 /* Sources */ = {
			isa = PBXSourcesBuildPhase;
			buildActionMask = 2147483647;
			files = (
				0410272025A502EB008A64C6 /* FireChatTests.swift in Sources */,
			);
			runOnlyForDeploymentPostprocessing = 0;
		};
		0410272225A502EB008A64C6 /* Sources */ = {
			isa = PBXSourcesBuildPhase;
			buildActionMask = 2147483647;
			files = (
				0410272B25A502EB008A64C6 /* FireChatUITests.swift in Sources */,
			);
			runOnlyForDeploymentPostprocessing = 0;
		};
/* End PBXSourcesBuildPhase section */

/* Begin PBXTargetDependency section */
		0410271D25A502EB008A64C6 /* PBXTargetDependency */ = {
			isa = PBXTargetDependency;
			target = 0410270425A502E9008A64C6 /* FireChat */;
			targetProxy = 0410271C25A502EB008A64C6 /* PBXContainerItemProxy */;
		};
		0410272825A502EB008A64C6 /* PBXTargetDependency */ = {
			isa = PBXTargetDependency;
			target = 0410270425A502E9008A64C6 /* FireChat */;
			targetProxy = 0410272725A502EB008A64C6 /* PBXContainerItemProxy */;
		};
/* End PBXTargetDependency section */

/* Begin PBXVariantGroup section */
		0410270E25A502E9008A64C6 /* Main.storyboard */ = {
			isa = PBXVariantGroup;
			children = (
				0410270F25A502E9008A64C6 /* Base */,
			);
			name = Main.storyboard;
			sourceTree = "<group>";
		};
		0410271325A502EB008A64C6 /* LaunchScreen.storyboard */ = {
			isa = PBXVariantGroup;
			children = (
				0410271425A502EB008A64C6 /* Base */,
			);
			name = LaunchScreen.storyboard;
			sourceTree = "<group>";
		};
/* End PBXVariantGroup section */

/* Begin XCBuildConfiguration section */
		0410272D25A502EC008A64C6 /* Debug */ = {
			isa = XCBuildConfiguration;
			buildSettings = {
				ALWAYS_SEARCH_USER_PATHS = NO;
				CLANG_ANALYZER_NONNULL = YES;
				CLANG_ANALYZER_NUMBER_OBJECT_CONVERSION = YES_AGGRESSIVE;
				CLANG_CXX_LANGUAGE_STANDARD = "gnu++14";
				CLANG_CXX_LIBRARY = "libc++";
				CLANG_ENABLE_MODULES = YES;
				CLANG_ENABLE_OBJC_ARC = YES;
				CLANG_ENABLE_OBJC_WEAK = YES;
				CLANG_WARN_BLOCK_CAPTURE_AUTORELEASING = YES;
				CLANG_WARN_BOOL_CONVERSION = YES;
				CLANG_WARN_COMMA = YES;
				CLANG_WARN_CONSTANT_CONVERSION = YES;
				CLANG_WARN_DEPRECATED_OBJC_IMPLEMENTATIONS = YES;
				CLANG_WARN_DIRECT_OBJC_ISA_USAGE = YES_ERROR;
				CLANG_WARN_DOCUMENTATION_COMMENTS = YES;
				CLANG_WARN_EMPTY_BODY = YES;
				CLANG_WARN_ENUM_CONVERSION = YES;
				CLANG_WARN_INFINITE_RECURSION = YES;
				CLANG_WARN_INT_CONVERSION = YES;
				CLANG_WARN_NON_LITERAL_NULL_CONVERSION = YES;
				CLANG_WARN_OBJC_IMPLICIT_RETAIN_SELF = YES;
				CLANG_WARN_OBJC_LITERAL_CONVERSION = YES;
				CLANG_WARN_OBJC_ROOT_CLASS = YES_ERROR;
				CLANG_WARN_QUOTED_INCLUDE_IN_FRAMEWORK_HEADER = YES;
				CLANG_WARN_RANGE_LOOP_ANALYSIS = YES;
				CLANG_WARN_STRICT_PROTOTYPES = YES;
				CLANG_WARN_SUSPICIOUS_MOVE = YES;
				CLANG_WARN_UNGUARDED_AVAILABILITY = YES_AGGRESSIVE;
				CLANG_WARN_UNREACHABLE_CODE = YES;
				CLANG_WARN__DUPLICATE_METHOD_MATCH = YES;
				COPY_PHASE_STRIP = NO;
				DEBUG_INFORMATION_FORMAT = dwarf;
				ENABLE_STRICT_OBJC_MSGSEND = YES;
				ENABLE_TESTABILITY = YES;
				GCC_C_LANGUAGE_STANDARD = gnu11;
				GCC_DYNAMIC_NO_PIC = NO;
				GCC_NO_COMMON_BLOCKS = YES;
				GCC_OPTIMIZATION_LEVEL = 0;
				GCC_PREPROCESSOR_DEFINITIONS = (
					"DEBUG=1",
					"$(inherited)",
				);
				GCC_WARN_64_TO_32_BIT_CONVERSION = YES;
				GCC_WARN_ABOUT_RETURN_TYPE = YES_ERROR;
				GCC_WARN_UNDECLARED_SELECTOR = YES;
				GCC_WARN_UNINITIALIZED_AUTOS = YES_AGGRESSIVE;
				GCC_WARN_UNUSED_FUNCTION = YES;
				GCC_WARN_UNUSED_VARIABLE = YES;
				IPHONEOS_DEPLOYMENT_TARGET = 14.0;
				MTL_ENABLE_DEBUG_INFO = INCLUDE_SOURCE;
				MTL_FAST_MATH = YES;
				ONLY_ACTIVE_ARCH = YES;
				SDKROOT = iphoneos;
				SWIFT_ACTIVE_COMPILATION_CONDITIONS = DEBUG;
				SWIFT_OPTIMIZATION_LEVEL = "-Onone";
			};
			name = Debug;
		};
		0410272E25A502EC008A64C6 /* Release */ = {
			isa = XCBuildConfiguration;
			buildSettings = {
				ALWAYS_SEARCH_USER_PATHS = NO;
				CLANG_ANALYZER_NONNULL = YES;
				CLANG_ANALYZER_NUMBER_OBJECT_CONVERSION = YES_AGGRESSIVE;
				CLANG_CXX_LANGUAGE_STANDARD = "gnu++14";
				CLANG_CXX_LIBRARY = "libc++";
				CLANG_ENABLE_MODULES = YES;
				CLANG_ENABLE_OBJC_ARC = YES;
				CLANG_ENABLE_OBJC_WEAK = YES;
				CLANG_WARN_BLOCK_CAPTURE_AUTORELEASING = YES;
				CLANG_WARN_BOOL_CONVERSION = YES;
				CLANG_WARN_COMMA = YES;
				CLANG_WARN_CONSTANT_CONVERSION = YES;
				CLANG_WARN_DEPRECATED_OBJC_IMPLEMENTATIONS = YES;
				CLANG_WARN_DIRECT_OBJC_ISA_USAGE = YES_ERROR;
				CLANG_WARN_DOCUMENTATION_COMMENTS = YES;
				CLANG_WARN_EMPTY_BODY = YES;
				CLANG_WARN_ENUM_CONVERSION = YES;
				CLANG_WARN_INFINITE_RECURSION = YES;
				CLANG_WARN_INT_CONVERSION = YES;
				CLANG_WARN_NON_LITERAL_NULL_CONVERSION = YES;
				CLANG_WARN_OBJC_IMPLICIT_RETAIN_SELF = YES;
				CLANG_WARN_OBJC_LITERAL_CONVERSION = YES;
				CLANG_WARN_OBJC_ROOT_CLASS = YES_ERROR;
				CLANG_WARN_QUOTED_INCLUDE_IN_FRAMEWORK_HEADER = YES;
				CLANG_WARN_RANGE_LOOP_ANALYSIS = YES;
				CLANG_WARN_STRICT_PROTOTYPES = YES;
				CLANG_WARN_SUSPICIOUS_MOVE = YES;
				CLANG_WARN_UNGUARDED_AVAILABILITY = YES_AGGRESSIVE;
				CLANG_WARN_UNREACHABLE_CODE = YES;
				CLANG_WARN__DUPLICATE_METHOD_MATCH = YES;
				COPY_PHASE_STRIP = NO;
				DEBUG_INFORMATION_FORMAT = "dwarf-with-dsym";
				ENABLE_NS_ASSERTIONS = NO;
				ENABLE_STRICT_OBJC_MSGSEND = YES;
				GCC_C_LANGUAGE_STANDARD = gnu11;
				GCC_NO_COMMON_BLOCKS = YES;
				GCC_WARN_64_TO_32_BIT_CONVERSION = YES;
				GCC_WARN_ABOUT_RETURN_TYPE = YES_ERROR;
				GCC_WARN_UNDECLARED_SELECTOR = YES;
				GCC_WARN_UNINITIALIZED_AUTOS = YES_AGGRESSIVE;
				GCC_WARN_UNUSED_FUNCTION = YES;
				GCC_WARN_UNUSED_VARIABLE = YES;
				IPHONEOS_DEPLOYMENT_TARGET = 14.0;
				MTL_ENABLE_DEBUG_INFO = NO;
				MTL_FAST_MATH = YES;
				SDKROOT = iphoneos;
				SWIFT_COMPILATION_MODE = wholemodule;
				SWIFT_OPTIMIZATION_LEVEL = "-O";
				VALIDATE_PRODUCT = YES;
			};
			name = Release;
		};
		0410273025A502EC008A64C6 /* Debug */ = {
			isa = XCBuildConfiguration;
			buildSettings = {
				ASSETCATALOG_COMPILER_APPICON_NAME = AppIcon;
				ASSETCATALOG_COMPILER_GLOBAL_ACCENT_COLOR_NAME = AccentColor;
				CODE_SIGN_STYLE = Automatic;
				INFOPLIST_FILE = FireChat/Info.plist;
				LD_RUNPATH_SEARCH_PATHS = (
					"$(inherited)",
					"@executable_path/Frameworks",
				);
				PRODUCT_BUNDLE_IDENTIFIER = com.ts.FireChat;
				PRODUCT_NAME = "$(TARGET_NAME)";
				SWIFT_VERSION = 5.0;
				TARGETED_DEVICE_FAMILY = "1,2";
			};
			name = Debug;
		};
		0410273125A502EC008A64C6 /* Release */ = {
			isa = XCBuildConfiguration;
			buildSettings = {
				ASSETCATALOG_COMPILER_APPICON_NAME = AppIcon;
				ASSETCATALOG_COMPILER_GLOBAL_ACCENT_COLOR_NAME = AccentColor;
				CODE_SIGN_STYLE = Automatic;
				INFOPLIST_FILE = FireChat/Info.plist;
				LD_RUNPATH_SEARCH_PATHS = (
					"$(inherited)",
					"@executable_path/Frameworks",
				);
				PRODUCT_BUNDLE_IDENTIFIER = com.ts.FireChat;
				PRODUCT_NAME = "$(TARGET_NAME)";
				SWIFT_VERSION = 5.0;
				TARGETED_DEVICE_FAMILY = "1,2";
			};
			name = Release;
		};
		0410273325A502EC008A64C6 /* Debug */ = {
			isa = XCBuildConfiguration;
			buildSettings = {
				ALWAYS_EMBED_SWIFT_STANDARD_LIBRARIES = YES;
				BUNDLE_LOADER = "$(TEST_HOST)";
				CODE_SIGN_STYLE = Automatic;
				INFOPLIST_FILE = FireChatTests/Info.plist;
				IPHONEOS_DEPLOYMENT_TARGET = 14.0;
				LD_RUNPATH_SEARCH_PATHS = (
					"$(inherited)",
					"@executable_path/Frameworks",
					"@loader_path/Frameworks",
				);
				PRODUCT_BUNDLE_IDENTIFIER = com.ts.FireChatTests;
				PRODUCT_NAME = "$(TARGET_NAME)";
				SWIFT_VERSION = 5.0;
				TARGETED_DEVICE_FAMILY = "1,2";
				TEST_HOST = "$(BUILT_PRODUCTS_DIR)/FireChat.app/FireChat";
			};
			name = Debug;
		};
		0410273425A502EC008A64C6 /* Release */ = {
			isa = XCBuildConfiguration;
			buildSettings = {
				ALWAYS_EMBED_SWIFT_STANDARD_LIBRARIES = YES;
				BUNDLE_LOADER = "$(TEST_HOST)";
				CODE_SIGN_STYLE = Automatic;
				INFOPLIST_FILE = FireChatTests/Info.plist;
				IPHONEOS_DEPLOYMENT_TARGET = 14.0;
				LD_RUNPATH_SEARCH_PATHS = (
					"$(inherited)",
					"@executable_path/Frameworks",
					"@loader_path/Frameworks",
				);
				PRODUCT_BUNDLE_IDENTIFIER = com.ts.FireChatTests;
				PRODUCT_NAME = "$(TARGET_NAME)";
				SWIFT_VERSION = 5.0;
				TARGETED_DEVICE_FAMILY = "1,2";
				TEST_HOST = "$(BUILT_PRODUCTS_DIR)/FireChat.app/FireChat";
			};
			name = Release;
		};
		0410273625A502EC008A64C6 /* Debug */ = {
			isa = XCBuildConfiguration;
			buildSettings = {
				ALWAYS_EMBED_SWIFT_STANDARD_LIBRARIES = YES;
				CODE_SIGN_STYLE = Automatic;
				INFOPLIST_FILE = FireChatUITests/Info.plist;
				LD_RUNPATH_SEARCH_PATHS = (
					"$(inherited)",
					"@executable_path/Frameworks",
					"@loader_path/Frameworks",
				);
				PRODUCT_BUNDLE_IDENTIFIER = com.ts.FireChatUITests;
				PRODUCT_NAME = "$(TARGET_NAME)";
				SWIFT_VERSION = 5.0;
				TARGETED_DEVICE_FAMILY = "1,2";
				TEST_TARGET_NAME = FireChat;
			};
			name = Debug;
		};
		0410273725A502EC008A64C6 /* Release */ = {
			isa = XCBuildConfiguration;
			buildSettings = {
				ALWAYS_EMBED_SWIFT_STANDARD_LIBRARIES = YES;
				CODE_SIGN_STYLE = Automatic;
				INFOPLIST_FILE = FireChatUITests/Info.plist;
				LD_RUNPATH_SEARCH_PATHS = (
					"$(inherited)",
					"@executable_path/Frameworks",
					"@loader_path/Frameworks",
				);
				PRODUCT_BUNDLE_IDENTIFIER = com.ts.FireChatUITests;
				PRODUCT_NAME = "$(TARGET_NAME)";
				SWIFT_VERSION = 5.0;
				TARGETED_DEVICE_FAMILY = "1,2";
				TEST_TARGET_NAME = FireChat;
			};
			name = Release;
		};
/* End XCBuildConfiguration section */

/* Begin XCConfigurationList section */
		0410270025A502E9008A64C6 /* Build configuration list for PBXProject "FireChat" */ = {
			isa = XCConfigurationList;
			buildConfigurations = (
				0410272D25A502EC008A64C6 /* Debug */,
				0410272E25A502EC008A64C6 /* Release */,
			);
			defaultConfigurationIsVisible = 0;
			defaultConfigurationName = Release;
		};
		0410272F25A502EC008A64C6 /* Build configuration list for PBXNativeTarget "FireChat" */ = {
			isa = XCConfigurationList;
			buildConfigurations = (
				0410273025A502EC008A64C6 /* Debug */,
				0410273125A502EC008A64C6 /* Release */,
			);
			defaultConfigurationIsVisible = 0;
			defaultConfigurationName = Release;
		};
		0410273225A502EC008A64C6 /* Build configuration list for PBXNativeTarget "FireChatTests" */ = {
			isa = XCConfigurationList;
			buildConfigurations = (
				0410273325A502EC008A64C6 /* Debug */,
				0410273425A502EC008A64C6 /* Release */,
			);
			defaultConfigurationIsVisible = 0;
			defaultConfigurationName = Release;
		};
		0410273525A502EC008A64C6 /* Build configuration list for PBXNativeTarget "FireChatUITests" */ = {
			isa = XCConfigurationList;
			buildConfigurations = (
				0410273625A502EC008A64C6 /* Debug */,
				0410273725A502EC008A64C6 /* Release */,
			);
			defaultConfigurationIsVisible = 0;
			defaultConfigurationName = Release;
		};
/* End XCConfigurationList section */
	};
	rootObject = 041026FD25A502E9008A64C6 /* Project object */;
}
